
Microsoft Visual Studio Solution File, Format Version 12.00
# Visual Studio 15
VisualStudioVersion = 15.0.26730.16
MinimumVisualStudioVersion = 10.0.40219.1
Project("{FAE04EC0-301F-11D3-BF4B-00C04F79EFBC}") = "Day0HelloWorld", "Day0HelloWorld\Day0HelloWorld.csproj", "{FEEB6D96-2733-4105-8343-6E84236B9FC7}"
EndProject
Global
	GlobalSection(SolutionConfigurationPlatforms) = preSolution
		Debug|Any CPU = Debug|Any CPU
		Release|Any CPU = Release|Any CPU
	EndGlobalSection
	GlobalSection(ProjectConfigurationPlatforms) = postSolution
		{FEEB6D96-2733-4105-8343-6E84236B9FC7}.Debug|Any CPU.ActiveCfg = Debug|Any CPU
		{FEEB6D96-2733-4105-8343-6E84236B9FC7}.Debug|Any CPU.Build.0 = Debug|Any CPU
		{FEEB6D96-2733-4105-8343-6E84236B9FC7}.Release|Any CPU.ActiveCfg = Release|Any CPU
		{FEEB6D96-2733-4105-8343-6E84236B9FC7}.Release|Any CPU.Build.0 = Release|Any CPU
	EndGlobalSection
	GlobalSection(SolutionProperties) = preSolution
		HideSolutionNode = FALSE
	EndGlobalSection
	GlobalSection(ExtensibilityGlobals) = postSolution
		SolutionGuid = {78D2A49D-BE98-42EB-A0D5-1A8E101698E9}
	EndGlobalSection
EndGlobal
