
Microsoft Visual Studio Solution File, Format Version 12.00
# Visual Studio 15
VisualStudioVersion = 15.0.26730.16
MinimumVisualStudioVersion = 10.0.40219.1
Project("{FAE04EC0-301F-11D3-BF4B-00C04F79EFBC}") = "Day0HelloWorld", "Day0HelloWorld\Day0HelloWorld.csproj", "{FEEB6D96-2733-4105-8343-6E84236B9FC7}"
EndProject
Project("{FAE04EC0-301F-11D3-BF4B-00C04F79EFBC}") = "Day1DataTypes", "Day1DataTypes\Day1DataTypes.csproj", "{DD0FB620-954D-4295-B103-6F85C4FB440C}"
EndProject
Project("{FAE04EC0-301F-11D3-BF4B-00C04F79EFBC}") = "Day2Operators", "Day2Operators\Day2Operators.csproj", "{D17E7431-2C1D-474C-BD73-FD66117312DA}"
EndProject
Project("{FAE04EC0-301F-11D3-BF4B-00C04F79EFBC}") = "Day3IntrotoConditionalStatements", "Day3IntrotoConditionalStatements\Day3IntrotoConditionalStatements.csproj", "{1E0C50B7-F6C0-4056-85A6-5491C0F3B5F4}"
EndProject
Project("{FAE04EC0-301F-11D3-BF4B-00C04F79EFBC}") = "Day4ClassvsInstance", "Day4ClassvsInstance\Day4ClassvsInstance.csproj", "{C803C5EC-771D-47CE-9874-9AA111C03F14}"
EndProject
Project("{FAE04EC0-301F-11D3-BF4B-00C04F79EFBC}") = "Day5Loops", "Day5Loops\Day5Loops.csproj", "{10B42A4B-91A3-4EBD-B08F-0899ABF16E92}"
EndProject
Project("{FAE04EC0-301F-11D3-BF4B-00C04F79EFBC}") = "Day6LetsReview", "Day6LetsReview\Day6LetsReview.csproj", "{21E9CBDB-519F-4229-8A0C-02BB0197864C}"
EndProject
Project("{FAE04EC0-301F-11D3-BF4B-00C04F79EFBC}") = "Day7Arrays", "Day7Arrays\Day7Arrays.csproj", "{DB0B48C4-7482-49A3-8BF1-68655E121306}"
EndProject
Project("{FAE04EC0-301F-11D3-BF4B-00C04F79EFBC}") = "Day8DictionariesAndMaps", "Day8DictionariesAndMaps\Day8DictionariesAndMaps.csproj", "{509CBD47-FCA6-46B8-999C-745722B31086}"
EndProject
Project("{FAE04EC0-301F-11D3-BF4B-00C04F79EFBC}") = "Day9Recursion3", "Day9Recursion3\Day9Recursion3.csproj", "{4EC6A0D2-9BBC-43CA-9998-F366FA582D50}"
EndProject
Project("{FAE04EC0-301F-11D3-BF4B-00C04F79EFBC}") = "Day10BinaryNumbers", "Day10BinaryNumbers\Day10BinaryNumbers.csproj", "{735739EC-3E87-4A2C-8C48-A305158D345F}"
EndProject
Project("{FAE04EC0-301F-11D3-BF4B-00C04F79EFBC}") = "Day112DArrays", "Day112DArrays\Day112DArrays.csproj", "{267B26F3-0735-430E-872D-0C1205362922}"
EndProject
Project("{FAE04EC0-301F-11D3-BF4B-00C04F79EFBC}") = "Day12Inheritance", "Day12Inheritance\Day12Inheritance.csproj", "{1650BC9C-18C9-4E8A-B3DE-78B2363A8C30}"
EndProject
Project("{FAE04EC0-301F-11D3-BF4B-00C04F79EFBC}") = "Day13AbstractClasses", "Day13AbstractClasses\Day13AbstractClasses.csproj", "{C6E48952-C272-4AE9-A972-F75F2231F821}"
EndProject
Project("{FAE04EC0-301F-11D3-BF4B-00C04F79EFBC}") = "Day14Scope", "Day14Scope\Day14Scope.csproj", "{D0D8C46D-C4FD-44A4-827A-5BA6E1EFA2B4}"
EndProject
Project("{FAE04EC0-301F-11D3-BF4B-00C04F79EFBC}") = "Day15Linked List", "Day15Linked List\Day15Linked List.csproj", "{B9C97BC8-53E1-47AB-ACED-8093F7BAAA34}"
EndProject
Project("{FAE04EC0-301F-11D3-BF4B-00C04F79EFBC}") = "Day 16ExceptionsStringToInteger", "Day 16ExceptionsStringToInteger\Day 16ExceptionsStringToInteger.csproj", "{FE9851FC-84F4-407B-9AE3-D9A338D8EB72}"
EndProject
Project("{FAE04EC0-301F-11D3-BF4B-00C04F79EFBC}") = "Day17MoreExceptions", "Day17MoreExceptions\Day17MoreExceptions.csproj", "{1AC09980-834D-4347-AC4F-784BA97D9009}"
EndProject
Project("{FAE04EC0-301F-11D3-BF4B-00C04F79EFBC}") = "Day18QueuesAndStacks", "Day18QueuesAndStacks\Day18QueuesAndStacks.csproj", "{2FE1BA61-4B05-4337-9D3F-A732EBB0DEE4}"
EndProject
Project("{FAE04EC0-301F-11D3-BF4B-00C04F79EFBC}") = "Day19Interfaces", "Day19Interfaces\Day19Interfaces.csproj", "{D05703FE-3725-4857-A208-552951C7D038}"
EndProject
Project("{FAE04EC0-301F-11D3-BF4B-00C04F79EFBC}") = "Day20Sorting", "Day20Sorting\Day20Sorting.csproj", "{735E10D1-D091-491F-88DE-C135EC711193}"
EndProject
Project("{FAE04EC0-301F-11D3-BF4B-00C04F79EFBC}") = "Day21Generics", "Day21Generics\Day21Generics.csproj", "{1AEB02CE-A01D-472C-8B55-6705C18A4A1D}"
EndProject
Project("{FAE04EC0-301F-11D3-BF4B-00C04F79EFBC}") = "Day22BinarySearchTrees", "Day22BinarySearchTrees\Day22BinarySearchTrees.csproj", "{3D1658F5-F7F5-442C-A53C-34EDF17EB024}"
EndProject
Global
	GlobalSection(SolutionConfigurationPlatforms) = preSolution
		Debug|Any CPU = Debug|Any CPU
		Release|Any CPU = Release|Any CPU
	EndGlobalSection
	GlobalSection(ProjectConfigurationPlatforms) = postSolution
		{FEEB6D96-2733-4105-8343-6E84236B9FC7}.Debug|Any CPU.ActiveCfg = Debug|Any CPU
		{FEEB6D96-2733-4105-8343-6E84236B9FC7}.Debug|Any CPU.Build.0 = Debug|Any CPU
		{FEEB6D96-2733-4105-8343-6E84236B9FC7}.Release|Any CPU.ActiveCfg = Release|Any CPU
		{FEEB6D96-2733-4105-8343-6E84236B9FC7}.Release|Any CPU.Build.0 = Release|Any CPU
		{DD0FB620-954D-4295-B103-6F85C4FB440C}.Debug|Any CPU.ActiveCfg = Debug|Any CPU
		{DD0FB620-954D-4295-B103-6F85C4FB440C}.Debug|Any CPU.Build.0 = Debug|Any CPU
		{DD0FB620-954D-4295-B103-6F85C4FB440C}.Release|Any CPU.ActiveCfg = Release|Any CPU
		{DD0FB620-954D-4295-B103-6F85C4FB440C}.Release|Any CPU.Build.0 = Release|Any CPU
		{D17E7431-2C1D-474C-BD73-FD66117312DA}.Debug|Any CPU.ActiveCfg = Debug|Any CPU
		{D17E7431-2C1D-474C-BD73-FD66117312DA}.Debug|Any CPU.Build.0 = Debug|Any CPU
		{D17E7431-2C1D-474C-BD73-FD66117312DA}.Release|Any CPU.ActiveCfg = Release|Any CPU
		{D17E7431-2C1D-474C-BD73-FD66117312DA}.Release|Any CPU.Build.0 = Release|Any CPU
		{1E0C50B7-F6C0-4056-85A6-5491C0F3B5F4}.Debug|Any CPU.ActiveCfg = Debug|Any CPU
		{1E0C50B7-F6C0-4056-85A6-5491C0F3B5F4}.Debug|Any CPU.Build.0 = Debug|Any CPU
		{1E0C50B7-F6C0-4056-85A6-5491C0F3B5F4}.Release|Any CPU.ActiveCfg = Release|Any CPU
		{1E0C50B7-F6C0-4056-85A6-5491C0F3B5F4}.Release|Any CPU.Build.0 = Release|Any CPU
		{C803C5EC-771D-47CE-9874-9AA111C03F14}.Debug|Any CPU.ActiveCfg = Debug|Any CPU
		{C803C5EC-771D-47CE-9874-9AA111C03F14}.Debug|Any CPU.Build.0 = Debug|Any CPU
		{C803C5EC-771D-47CE-9874-9AA111C03F14}.Release|Any CPU.ActiveCfg = Release|Any CPU
		{C803C5EC-771D-47CE-9874-9AA111C03F14}.Release|Any CPU.Build.0 = Release|Any CPU
		{10B42A4B-91A3-4EBD-B08F-0899ABF16E92}.Debug|Any CPU.ActiveCfg = Debug|Any CPU
		{10B42A4B-91A3-4EBD-B08F-0899ABF16E92}.Debug|Any CPU.Build.0 = Debug|Any CPU
		{10B42A4B-91A3-4EBD-B08F-0899ABF16E92}.Release|Any CPU.ActiveCfg = Release|Any CPU
		{10B42A4B-91A3-4EBD-B08F-0899ABF16E92}.Release|Any CPU.Build.0 = Release|Any CPU
		{21E9CBDB-519F-4229-8A0C-02BB0197864C}.Debug|Any CPU.ActiveCfg = Debug|Any CPU
		{21E9CBDB-519F-4229-8A0C-02BB0197864C}.Debug|Any CPU.Build.0 = Debug|Any CPU
		{21E9CBDB-519F-4229-8A0C-02BB0197864C}.Release|Any CPU.ActiveCfg = Release|Any CPU
		{21E9CBDB-519F-4229-8A0C-02BB0197864C}.Release|Any CPU.Build.0 = Release|Any CPU
		{DB0B48C4-7482-49A3-8BF1-68655E121306}.Debug|Any CPU.ActiveCfg = Debug|Any CPU
		{DB0B48C4-7482-49A3-8BF1-68655E121306}.Debug|Any CPU.Build.0 = Debug|Any CPU
		{DB0B48C4-7482-49A3-8BF1-68655E121306}.Release|Any CPU.ActiveCfg = Release|Any CPU
		{DB0B48C4-7482-49A3-8BF1-68655E121306}.Release|Any CPU.Build.0 = Release|Any CPU
		{509CBD47-FCA6-46B8-999C-745722B31086}.Debug|Any CPU.ActiveCfg = Debug|Any CPU
		{509CBD47-FCA6-46B8-999C-745722B31086}.Debug|Any CPU.Build.0 = Debug|Any CPU
		{509CBD47-FCA6-46B8-999C-745722B31086}.Release|Any CPU.ActiveCfg = Release|Any CPU
		{509CBD47-FCA6-46B8-999C-745722B31086}.Release|Any CPU.Build.0 = Release|Any CPU
		{4EC6A0D2-9BBC-43CA-9998-F366FA582D50}.Debug|Any CPU.ActiveCfg = Debug|Any CPU
		{4EC6A0D2-9BBC-43CA-9998-F366FA582D50}.Debug|Any CPU.Build.0 = Debug|Any CPU
		{4EC6A0D2-9BBC-43CA-9998-F366FA582D50}.Release|Any CPU.ActiveCfg = Release|Any CPU
		{4EC6A0D2-9BBC-43CA-9998-F366FA582D50}.Release|Any CPU.Build.0 = Release|Any CPU
		{735739EC-3E87-4A2C-8C48-A305158D345F}.Debug|Any CPU.ActiveCfg = Debug|Any CPU
		{735739EC-3E87-4A2C-8C48-A305158D345F}.Debug|Any CPU.Build.0 = Debug|Any CPU
		{735739EC-3E87-4A2C-8C48-A305158D345F}.Release|Any CPU.ActiveCfg = Release|Any CPU
		{735739EC-3E87-4A2C-8C48-A305158D345F}.Release|Any CPU.Build.0 = Release|Any CPU
		{267B26F3-0735-430E-872D-0C1205362922}.Debug|Any CPU.ActiveCfg = Debug|Any CPU
		{267B26F3-0735-430E-872D-0C1205362922}.Debug|Any CPU.Build.0 = Debug|Any CPU
		{267B26F3-0735-430E-872D-0C1205362922}.Release|Any CPU.ActiveCfg = Release|Any CPU
		{267B26F3-0735-430E-872D-0C1205362922}.Release|Any CPU.Build.0 = Release|Any CPU
		{1650BC9C-18C9-4E8A-B3DE-78B2363A8C30}.Debug|Any CPU.ActiveCfg = Debug|Any CPU
		{1650BC9C-18C9-4E8A-B3DE-78B2363A8C30}.Debug|Any CPU.Build.0 = Debug|Any CPU
		{1650BC9C-18C9-4E8A-B3DE-78B2363A8C30}.Release|Any CPU.ActiveCfg = Release|Any CPU
		{1650BC9C-18C9-4E8A-B3DE-78B2363A8C30}.Release|Any CPU.Build.0 = Release|Any CPU
		{C6E48952-C272-4AE9-A972-F75F2231F821}.Debug|Any CPU.ActiveCfg = Debug|Any CPU
		{C6E48952-C272-4AE9-A972-F75F2231F821}.Debug|Any CPU.Build.0 = Debug|Any CPU
		{C6E48952-C272-4AE9-A972-F75F2231F821}.Release|Any CPU.ActiveCfg = Release|Any CPU
		{C6E48952-C272-4AE9-A972-F75F2231F821}.Release|Any CPU.Build.0 = Release|Any CPU
		{D0D8C46D-C4FD-44A4-827A-5BA6E1EFA2B4}.Debug|Any CPU.ActiveCfg = Debug|Any CPU
		{D0D8C46D-C4FD-44A4-827A-5BA6E1EFA2B4}.Debug|Any CPU.Build.0 = Debug|Any CPU
		{D0D8C46D-C4FD-44A4-827A-5BA6E1EFA2B4}.Release|Any CPU.ActiveCfg = Release|Any CPU
		{D0D8C46D-C4FD-44A4-827A-5BA6E1EFA2B4}.Release|Any CPU.Build.0 = Release|Any CPU
		{B9C97BC8-53E1-47AB-ACED-8093F7BAAA34}.Debug|Any CPU.ActiveCfg = Debug|Any CPU
		{B9C97BC8-53E1-47AB-ACED-8093F7BAAA34}.Debug|Any CPU.Build.0 = Debug|Any CPU
		{B9C97BC8-53E1-47AB-ACED-8093F7BAAA34}.Release|Any CPU.ActiveCfg = Release|Any CPU
		{B9C97BC8-53E1-47AB-ACED-8093F7BAAA34}.Release|Any CPU.Build.0 = Release|Any CPU
		{FE9851FC-84F4-407B-9AE3-D9A338D8EB72}.Debug|Any CPU.ActiveCfg = Debug|Any CPU
		{FE9851FC-84F4-407B-9AE3-D9A338D8EB72}.Debug|Any CPU.Build.0 = Debug|Any CPU
		{FE9851FC-84F4-407B-9AE3-D9A338D8EB72}.Release|Any CPU.ActiveCfg = Release|Any CPU
		{FE9851FC-84F4-407B-9AE3-D9A338D8EB72}.Release|Any CPU.Build.0 = Release|Any CPU
		{1AC09980-834D-4347-AC4F-784BA97D9009}.Debug|Any CPU.ActiveCfg = Debug|Any CPU
		{1AC09980-834D-4347-AC4F-784BA97D9009}.Debug|Any CPU.Build.0 = Debug|Any CPU
		{1AC09980-834D-4347-AC4F-784BA97D9009}.Release|Any CPU.ActiveCfg = Release|Any CPU
		{1AC09980-834D-4347-AC4F-784BA97D9009}.Release|Any CPU.Build.0 = Release|Any CPU
		{2FE1BA61-4B05-4337-9D3F-A732EBB0DEE4}.Debug|Any CPU.ActiveCfg = Debug|Any CPU
		{2FE1BA61-4B05-4337-9D3F-A732EBB0DEE4}.Debug|Any CPU.Build.0 = Debug|Any CPU
		{2FE1BA61-4B05-4337-9D3F-A732EBB0DEE4}.Release|Any CPU.ActiveCfg = Release|Any CPU
		{2FE1BA61-4B05-4337-9D3F-A732EBB0DEE4}.Release|Any CPU.Build.0 = Release|Any CPU
		{D05703FE-3725-4857-A208-552951C7D038}.Debug|Any CPU.ActiveCfg = Debug|Any CPU
		{D05703FE-3725-4857-A208-552951C7D038}.Debug|Any CPU.Build.0 = Debug|Any CPU
		{D05703FE-3725-4857-A208-552951C7D038}.Release|Any CPU.ActiveCfg = Release|Any CPU
		{D05703FE-3725-4857-A208-552951C7D038}.Release|Any CPU.Build.0 = Release|Any CPU
		{735E10D1-D091-491F-88DE-C135EC711193}.Debug|Any CPU.ActiveCfg = Debug|Any CPU
		{735E10D1-D091-491F-88DE-C135EC711193}.Debug|Any CPU.Build.0 = Debug|Any CPU
		{735E10D1-D091-491F-88DE-C135EC711193}.Release|Any CPU.ActiveCfg = Release|Any CPU
		{735E10D1-D091-491F-88DE-C135EC711193}.Release|Any CPU.Build.0 = Release|Any CPU
		{1AEB02CE-A01D-472C-8B55-6705C18A4A1D}.Debug|Any CPU.ActiveCfg = Debug|Any CPU
		{1AEB02CE-A01D-472C-8B55-6705C18A4A1D}.Debug|Any CPU.Build.0 = Debug|Any CPU
		{1AEB02CE-A01D-472C-8B55-6705C18A4A1D}.Release|Any CPU.ActiveCfg = Release|Any CPU
		{1AEB02CE-A01D-472C-8B55-6705C18A4A1D}.Release|Any CPU.Build.0 = Release|Any CPU
		{3D1658F5-F7F5-442C-A53C-34EDF17EB024}.Debug|Any CPU.ActiveCfg = Debug|Any CPU
		{3D1658F5-F7F5-442C-A53C-34EDF17EB024}.Debug|Any CPU.Build.0 = Debug|Any CPU
		{3D1658F5-F7F5-442C-A53C-34EDF17EB024}.Release|Any CPU.ActiveCfg = Release|Any CPU
		{3D1658F5-F7F5-442C-A53C-34EDF17EB024}.Release|Any CPU.Build.0 = Release|Any CPU
	EndGlobalSection
	GlobalSection(SolutionProperties) = preSolution
		HideSolutionNode = FALSE
	EndGlobalSection
	GlobalSection(ExtensibilityGlobals) = postSolution
		SolutionGuid = {78D2A49D-BE98-42EB-A0D5-1A8E101698E9}
	EndGlobalSection
EndGlobal
